Microsoft Visual Studio Solution File, Format Version 8.00
Project("{54435603-DBB4-11D2-8724-00A0C9A8B90C}") = "SetUp_AE", "SetUp_AE.vdproj", "{88036670-1121-4430-83D9-BE9EBB611151}"
	ProjectSection(ProjectDependencies) = postProject
	EndProjectSection
EndProject
Global
	GlobalSection(SolutionConfiguration) = preSolution
		Debug = Debug
		Release = Release
	EndGlobalSection
	GlobalSection(ProjectConfiguration) = postSolution
		{88036670-1121-4430-83D9-BE9EBB611151}.Debug.ActiveCfg = Debug
		{88036670-1121-4430-83D9-BE9EBB611151}.Debug.Build.0 = Debug
		{88036670-1121-4430-83D9-BE9EBB611151}.Release.ActiveCfg = Release
		{88036670-1121-4430-83D9-BE9EBB611151}.Release.Build.0 = Release
	EndGlobalSection
	GlobalSection(ExtensibilityGlobals) = postSolution
	EndGlobalSection
	GlobalSection(ExtensibilityAddIns) = postSolution
	EndGlobalSection
EndGlobal
